
Microsoft Visual Studio Solution File, Format Version 12.00
# Visual Studio Version 17
VisualStudioVersion = 17.12.35527.113 d17.12
MinimumVisualStudioVersion = 10.0.40219.1
Project("{FAE04EC0-301F-11D3-BF4B-00C04F79EFBC}") = "Web-Practica1", "Web-Practica1\Web-Practica1.csproj", "{99479C1B-696F-4335-97A3-B8A9E74B1FB3}"
EndProject
Global
	GlobalSection(SolutionConfigurationPlatforms) = preSolution
		Debug|Any CPU = Debug|Any CPU
		Release|Any CPU = Release|Any CPU
	EndGlobalSection
	GlobalSection(ProjectConfigurationPlatforms) = postSolution
		{99479C1B-696F-4335-97A3-B8A9E74B1FB3}.Debug|Any CPU.ActiveCfg = Debug|Any CPU
		{99479C1B-696F-4335-97A3-B8A9E74B1FB3}.Debug|Any CPU.Build.0 = Debug|Any CPU
		{99479C1B-696F-4335-97A3-B8A9E74B1FB3}.Release|Any CPU.ActiveCfg = Release|Any CPU
		{99479C1B-696F-4335-97A3-B8A9E74B1FB3}.Release|Any CPU.Build.0 = Release|Any CPU
	EndGlobalSection
	GlobalSection(SolutionProperties) = preSolution
		HideSolutionNode = FALSE
	EndGlobalSection
EndGlobal
